<?xml version="1.0" encoding="utf-8"?>
<Project ToolsVersion="4.0" xmlns="http://schemas.microsoft.com/developer/msbuild/2003">
  <ItemGroup>
    <Filter Include="Source Files">
      <UniqueIdentifier>{4FC737F1-C7A5-4376-A066-2A32D752A2FF}</UniqueIdentifier>
      <Extensions>cpp;c;cc;cxx;c++;cppm;ixx;def;odl;idl;hpj;bat;asm;asmx</Extensions>
    </Filter>
    <Filter Include="Header Files">
      <UniqueIdentifier>{93995380-89BD-4b04-88EB-625FBE52EBFB}</UniqueIdentifier>
      <Extensions>h;hh;hpp;hxx;h++;hm;inl;inc;ipp;xsd</Extensions>
    </Filter>
    <Filter Include="Resource Files">
      <UniqueIdentifier>{67DA6AB6-F800-4c08-8B7A-83BB121AAD01}</UniqueIdentifier>
      <Extensions>rc;ico;cur;bmp;dlg;rc2;rct;bin;rgs;gif;jpg;jpeg;jpe;resx;tiff;tif;png;wav;mfcribbon-ms</Extensions>
    </Filter>
  </ItemGroup>
  <ItemGroup>
    <ClCompile Include="Svc.cpp">
      <Filter>Source Files</Filter>
    </ClCompile>
    <ClCompile Include="ImpersonateUser.cpp">
      <Filter>Source Files</Filter>
    </ClCompile>
  </ItemGroup>
  <ItemGroup>
    <ClInclude Include="include\Active.h">
      <Filter>Header Files</Filter>
    </ClInclude>
    <ClInclude Include="include\DeadlineTimer.h">
      <Filter>Header Files</Filter>
    </ClInclude>
    <ClInclude Include="include\FileReporter.h">
      <Filter>Header Files</Filter>
    </ClInclude>
    <ClInclude Include="include\FileReporterException.h">
      <Filter>Header Files</Filter>
    </ClInclude>
    <ClInclude Include="include\FileWatch.hpp">
      <Filter>Header Files</Filter>
    </ClInclude>
    <ClInclude Include="include\FileWatcher.h">
      <Filter>Header Files</Filter>
    </ClInclude>
    <ClInclude Include="include\Globals.h">
      <Filter>Header Files</Filter>
    </ClInclude>
    <ClInclude Include="include\IMicroService.h">
      <Filter>Header Files</Filter>
    </ClInclude>
    <ClInclude Include="include\IReporter.h">
      <Filter>Header Files</Filter>
    </ClInclude>
    <ClInclude Include="include\RegKey.h">
      <Filter>Header Files</Filter>
    </ClInclude>
    <ClInclude Include="include\RegKeyChangeReporter.h">
      <Filter>Header Files</Filter>
    </ClInclude>
    <ClInclude Include="include\RegKeyException.h">
      <Filter>Header Files</Filter>
    </ClInclude>
    <ClInclude Include="include\RegKeyWatcher.h">
      <Filter>Header Files</Filter>
    </ClInclude>
    <ClInclude Include="include\RegKeyWatcherException.h">
      <Filter>Header Files</Filter>
    </ClInclude>
    <ClInclude Include="include\ReportActiveApplication.h">
      <Filter>Header Files</Filter>
    </ClInclude>
    <ClInclude Include="include\ReportSvcStatus.h">
      <Filter>Header Files</Filter>
    </ClInclude>
    <ClInclude Include="include\Sample.h">
      <Filter>Header Files</Filter>
    </ClInclude>
    <ClInclude Include="include\SvcCtrlHandler.h">
      <Filter>Header Files</Filter>
    </ClInclude>
    <ClInclude Include="include\SvcInit.h">
      <Filter>Header Files</Filter>
    </ClInclude>
    <ClInclude Include="include\SvcInstall.h">
      <Filter>Header Files</Filter>
    </ClInclude>
    <ClInclude Include="include\SvcMain.h">
      <Filter>Header Files</Filter>
    </ClInclude>
    <ClInclude Include="include\SvcReportEvent.h">
      <Filter>Header Files</Filter>
    </ClInclude>
    <ClInclude Include="include\Synchronizer.h">
      <Filter>Header Files</Filter>
    </ClInclude>
    <ClInclude Include="include\SynchronizerException.h">
      <Filter>Header Files</Filter>
    </ClInclude>
    <ClInclude Include="StartMicroServiceGuard.h">
      <Filter>Header Files</Filter>
    </ClInclude>
    <ClInclude Include="include\ImpersonateUser.h">
      <Filter>Header Files</Filter>
    </ClInclude>
  </ItemGroup>
</Project>